
Microsoft Visual Studio Solution File, Format Version 12.00
# Visual Studio Version 17
VisualStudioVersion = 17.5.002.0
MinimumVisualStudioVersion = 10.0.40219.1
Project("{9A19103F-16F7-4668-BE54-9A1E7A4F7556}") = "LNSF", "LNSF.csproj", "{FFCEF0F9-827C-49DB-A145-BA596EC4D902}"
EndProject
Project("{2150E333-8FDC-42A3-9474-1A3956D46DE8}") = "src", "src", "{9E88044B-3CD3-49E2-A54F-ABD803251973}"
EndProject
Project("{FAE04EC0-301F-11D3-BF4B-00C04F79EFBC}") = "LNSF.Test", "src\LNSF.Test\LNSF.Test.csproj", "{2F11D69F-7BE3-47C6-9753-DC66C4B68895}"
EndProject
Project("{FAE04EC0-301F-11D3-BF4B-00C04F79EFBC}") = "LNSF.API", "src\LNSF.API\LNSF.API.csproj", "{0297A2E6-36B7-4980-96E4-BA8C34092891}"
EndProject
Project("{FAE04EC0-301F-11D3-BF4B-00C04F79EFBC}") = "LNSF.Application", "src\LNSF.Application\LNSF.Application.csproj", "{C2C0B3CA-9C44-4957-9377-2F2754F7A58B}"
EndProject
Project("{FAE04EC0-301F-11D3-BF4B-00C04F79EFBC}") = "LNSF.Domain", "src\LNSF.Domain\LNSF.Domain.csproj", "{CB6B3497-F6E7-4B8A-964A-57383AD079F8}"
EndProject
Project("{FAE04EC0-301F-11D3-BF4B-00C04F79EFBC}") = "LNSF.Infra.Data", "src\LNSF.Infra.Data\LNSF.Infra.Data.csproj", "{9FD9BAF8-83D8-43D1-837C-2B2633545BD1}"
EndProject
Project("{FAE04EC0-301F-11D3-BF4B-00C04F79EFBC}") = "LNSF.Infra.IOC", "src\LNSF.Infra.IOC\LNSF.Infra.IOC.csproj", "{723CE0E8-B4E4-4ECA-A827-27B3BA91FC77}"
EndProject
Global
	GlobalSection(SolutionConfigurationPlatforms) = preSolution
		Debug|Any CPU = Debug|Any CPU
		Release|Any CPU = Release|Any CPU
	EndGlobalSection
	GlobalSection(ProjectConfigurationPlatforms) = postSolution
		{FFCEF0F9-827C-49DB-A145-BA596EC4D902}.Debug|Any CPU.ActiveCfg = Debug|Any CPU
		{FFCEF0F9-827C-49DB-A145-BA596EC4D902}.Debug|Any CPU.Build.0 = Debug|Any CPU
		{FFCEF0F9-827C-49DB-A145-BA596EC4D902}.Release|Any CPU.ActiveCfg = Release|Any CPU
		{FFCEF0F9-827C-49DB-A145-BA596EC4D902}.Release|Any CPU.Build.0 = Release|Any CPU
		{2F11D69F-7BE3-47C6-9753-DC66C4B68895}.Debug|Any CPU.ActiveCfg = Debug|Any CPU
		{2F11D69F-7BE3-47C6-9753-DC66C4B68895}.Debug|Any CPU.Build.0 = Debug|Any CPU
		{2F11D69F-7BE3-47C6-9753-DC66C4B68895}.Release|Any CPU.ActiveCfg = Release|Any CPU
		{2F11D69F-7BE3-47C6-9753-DC66C4B68895}.Release|Any CPU.Build.0 = Release|Any CPU
		{0297A2E6-36B7-4980-96E4-BA8C34092891}.Debug|Any CPU.ActiveCfg = Debug|Any CPU
		{0297A2E6-36B7-4980-96E4-BA8C34092891}.Debug|Any CPU.Build.0 = Debug|Any CPU
		{0297A2E6-36B7-4980-96E4-BA8C34092891}.Release|Any CPU.ActiveCfg = Release|Any CPU
		{0297A2E6-36B7-4980-96E4-BA8C34092891}.Release|Any CPU.Build.0 = Release|Any CPU
		{C2C0B3CA-9C44-4957-9377-2F2754F7A58B}.Debug|Any CPU.ActiveCfg = Debug|Any CPU
		{C2C0B3CA-9C44-4957-9377-2F2754F7A58B}.Debug|Any CPU.Build.0 = Debug|Any CPU
		{C2C0B3CA-9C44-4957-9377-2F2754F7A58B}.Release|Any CPU.ActiveCfg = Release|Any CPU
		{C2C0B3CA-9C44-4957-9377-2F2754F7A58B}.Release|Any CPU.Build.0 = Release|Any CPU
		{CB6B3497-F6E7-4B8A-964A-57383AD079F8}.Debug|Any CPU.ActiveCfg = Debug|Any CPU
		{CB6B3497-F6E7-4B8A-964A-57383AD079F8}.Debug|Any CPU.Build.0 = Debug|Any CPU
		{CB6B3497-F6E7-4B8A-964A-57383AD079F8}.Release|Any CPU.ActiveCfg = Release|Any CPU
		{CB6B3497-F6E7-4B8A-964A-57383AD079F8}.Release|Any CPU.Build.0 = Release|Any CPU
		{9FD9BAF8-83D8-43D1-837C-2B2633545BD1}.Debug|Any CPU.ActiveCfg = Debug|Any CPU
		{9FD9BAF8-83D8-43D1-837C-2B2633545BD1}.Debug|Any CPU.Build.0 = Debug|Any CPU
		{9FD9BAF8-83D8-43D1-837C-2B2633545BD1}.Release|Any CPU.ActiveCfg = Release|Any CPU
		{9FD9BAF8-83D8-43D1-837C-2B2633545BD1}.Release|Any CPU.Build.0 = Release|Any CPU
		{723CE0E8-B4E4-4ECA-A827-27B3BA91FC77}.Debug|Any CPU.ActiveCfg = Debug|Any CPU
		{723CE0E8-B4E4-4ECA-A827-27B3BA91FC77}.Debug|Any CPU.Build.0 = Debug|Any CPU
		{723CE0E8-B4E4-4ECA-A827-27B3BA91FC77}.Release|Any CPU.ActiveCfg = Release|Any CPU
		{723CE0E8-B4E4-4ECA-A827-27B3BA91FC77}.Release|Any CPU.Build.0 = Release|Any CPU
	EndGlobalSection
	GlobalSection(SolutionProperties) = preSolution
		HideSolutionNode = FALSE
	EndGlobalSection
	GlobalSection(NestedProjects) = preSolution
		{2F11D69F-7BE3-47C6-9753-DC66C4B68895} = {9E88044B-3CD3-49E2-A54F-ABD803251973}
		{0297A2E6-36B7-4980-96E4-BA8C34092891} = {9E88044B-3CD3-49E2-A54F-ABD803251973}
		{C2C0B3CA-9C44-4957-9377-2F2754F7A58B} = {9E88044B-3CD3-49E2-A54F-ABD803251973}
		{CB6B3497-F6E7-4B8A-964A-57383AD079F8} = {9E88044B-3CD3-49E2-A54F-ABD803251973}
		{9FD9BAF8-83D8-43D1-837C-2B2633545BD1} = {9E88044B-3CD3-49E2-A54F-ABD803251973}
		{723CE0E8-B4E4-4ECA-A827-27B3BA91FC77} = {9E88044B-3CD3-49E2-A54F-ABD803251973}
	EndGlobalSection
	GlobalSection(ExtensibilityGlobals) = postSolution
		SolutionGuid = {F3FEC06B-78CB-4A24-8500-EEC2158B462F}
	EndGlobalSection
EndGlobal
