
Microsoft Visual Studio Solution File, Format Version 12.00
# Visual Studio Version 17
VisualStudioVersion = 17.5.002.0
MinimumVisualStudioVersion = 10.0.40219.1
Project("{9A19103F-16F7-4668-BE54-9A1E7A4F7556}") = "LNSF", "LNSF.csproj", "{F7C17E0B-2A06-441D-A014-871AFD79DCF0}"
EndProject
Project("{2150E333-8FDC-42A3-9474-1A3956D46DE8}") = "src", "src", "{26A55636-7C67-4A88-9AF6-ABC93361FD63}"
EndProject
Project("{FAE04EC0-301F-11D3-BF4B-00C04F79EFBC}") = "LNSF.Domain", "src\LNSF.Domain\LNSF.Domain.csproj", "{416C5CF5-2F7B-430C-9C2A-825C4A820B57}"
EndProject
Project("{FAE04EC0-301F-11D3-BF4B-00C04F79EFBC}") = "LNSF.Infra", "src\LNSF.Infra\LNSF.Infra.csproj", "{03BD98D6-23BA-4BDF-98F7-39BF66D5C842}"
EndProject
Project("{FAE04EC0-301F-11D3-BF4B-00C04F79EFBC}") = "LNSF.Application", "src\LNSF.Application\LNSF.Application.csproj", "{8D3E3262-2689-4D79-9656-DC9FB68F4FA8}"
EndProject
Project("{FAE04EC0-301F-11D3-BF4B-00C04F79EFBC}") = "LNSF.UI", "src\LNSF.UI\LNSF.UI.csproj", "{4D673BEC-6EB7-4EB9-90E4-F45926C03FD4}"
EndProject
Project("{2150E333-8FDC-42A3-9474-1A3956D46DE8}") = "tests", "tests", "{2E198A4A-6C35-4CEA-8478-5227974FC727}"
EndProject
Project("{FAE04EC0-301F-11D3-BF4B-00C04F79EFBC}") = "LNSF.Test", "tests\LNSF.Test\LNSF.Test.csproj", "{03806326-D6AD-4D61-9914-C174E5E69C9A}"
EndProject
Global
	GlobalSection(SolutionConfigurationPlatforms) = preSolution
		Debug|Any CPU = Debug|Any CPU
		Release|Any CPU = Release|Any CPU
	EndGlobalSection
	GlobalSection(ProjectConfigurationPlatforms) = postSolution
		{F7C17E0B-2A06-441D-A014-871AFD79DCF0}.Debug|Any CPU.ActiveCfg = Debug|Any CPU
		{F7C17E0B-2A06-441D-A014-871AFD79DCF0}.Debug|Any CPU.Build.0 = Debug|Any CPU
		{F7C17E0B-2A06-441D-A014-871AFD79DCF0}.Release|Any CPU.ActiveCfg = Release|Any CPU
		{F7C17E0B-2A06-441D-A014-871AFD79DCF0}.Release|Any CPU.Build.0 = Release|Any CPU
		{416C5CF5-2F7B-430C-9C2A-825C4A820B57}.Debug|Any CPU.ActiveCfg = Debug|Any CPU
		{416C5CF5-2F7B-430C-9C2A-825C4A820B57}.Debug|Any CPU.Build.0 = Debug|Any CPU
		{416C5CF5-2F7B-430C-9C2A-825C4A820B57}.Release|Any CPU.ActiveCfg = Release|Any CPU
		{416C5CF5-2F7B-430C-9C2A-825C4A820B57}.Release|Any CPU.Build.0 = Release|Any CPU
		{03BD98D6-23BA-4BDF-98F7-39BF66D5C842}.Debug|Any CPU.ActiveCfg = Debug|Any CPU
		{03BD98D6-23BA-4BDF-98F7-39BF66D5C842}.Debug|Any CPU.Build.0 = Debug|Any CPU
		{03BD98D6-23BA-4BDF-98F7-39BF66D5C842}.Release|Any CPU.ActiveCfg = Release|Any CPU
		{03BD98D6-23BA-4BDF-98F7-39BF66D5C842}.Release|Any CPU.Build.0 = Release|Any CPU
		{8D3E3262-2689-4D79-9656-DC9FB68F4FA8}.Debug|Any CPU.ActiveCfg = Debug|Any CPU
		{8D3E3262-2689-4D79-9656-DC9FB68F4FA8}.Debug|Any CPU.Build.0 = Debug|Any CPU
		{8D3E3262-2689-4D79-9656-DC9FB68F4FA8}.Release|Any CPU.ActiveCfg = Release|Any CPU
		{8D3E3262-2689-4D79-9656-DC9FB68F4FA8}.Release|Any CPU.Build.0 = Release|Any CPU
		{4D673BEC-6EB7-4EB9-90E4-F45926C03FD4}.Debug|Any CPU.ActiveCfg = Debug|Any CPU
		{4D673BEC-6EB7-4EB9-90E4-F45926C03FD4}.Debug|Any CPU.Build.0 = Debug|Any CPU
		{4D673BEC-6EB7-4EB9-90E4-F45926C03FD4}.Release|Any CPU.ActiveCfg = Release|Any CPU
		{4D673BEC-6EB7-4EB9-90E4-F45926C03FD4}.Release|Any CPU.Build.0 = Release|Any CPU
		{03806326-D6AD-4D61-9914-C174E5E69C9A}.Debug|Any CPU.ActiveCfg = Debug|Any CPU
		{03806326-D6AD-4D61-9914-C174E5E69C9A}.Debug|Any CPU.Build.0 = Debug|Any CPU
		{03806326-D6AD-4D61-9914-C174E5E69C9A}.Release|Any CPU.ActiveCfg = Release|Any CPU
		{03806326-D6AD-4D61-9914-C174E5E69C9A}.Release|Any CPU.Build.0 = Release|Any CPU
	EndGlobalSection
	GlobalSection(SolutionProperties) = preSolution
		HideSolutionNode = FALSE
	EndGlobalSection
	GlobalSection(NestedProjects) = preSolution
		{416C5CF5-2F7B-430C-9C2A-825C4A820B57} = {26A55636-7C67-4A88-9AF6-ABC93361FD63}
		{03BD98D6-23BA-4BDF-98F7-39BF66D5C842} = {26A55636-7C67-4A88-9AF6-ABC93361FD63}
		{8D3E3262-2689-4D79-9656-DC9FB68F4FA8} = {26A55636-7C67-4A88-9AF6-ABC93361FD63}
		{4D673BEC-6EB7-4EB9-90E4-F45926C03FD4} = {26A55636-7C67-4A88-9AF6-ABC93361FD63}
		{03806326-D6AD-4D61-9914-C174E5E69C9A} = {2E198A4A-6C35-4CEA-8478-5227974FC727}
	EndGlobalSection
	GlobalSection(ExtensibilityGlobals) = postSolution
		SolutionGuid = {12D6652D-27EF-4A2B-9CFF-B09C55806191}
	EndGlobalSection
EndGlobal
