
Microsoft Visual Studio Solution File, Format Version 12.00
# Visual Studio Version 17
VisualStudioVersion = 17.5.002.0
MinimumVisualStudioVersion = 10.0.40219.1
Project("{9A19103F-16F7-4668-BE54-9A1E7A4F7556}") = "LNSF", "LNSF.csproj", "{F4D6AD60-FF6F-44B7-BDDA-FE5D7DF7C727}"
EndProject
Project("{2150E333-8FDC-42A3-9474-1A3956D46DE8}") = "src", "src", "{704DBA82-32AF-476E-94FC-8A7A43923CE6}"
EndProject
Project("{FAE04EC0-301F-11D3-BF4B-00C04F79EFBC}") = "LNSF.Domain", "src\LNSF.Domain\LNSF.Domain.csproj", "{25223DA5-550D-4AE9-8596-28CDE5998257}"
EndProject
Project("{FAE04EC0-301F-11D3-BF4B-00C04F79EFBC}") = "LNSF.Infra", "src\LNSF.Infra\LNSF.Infra.csproj", "{7A4505C5-9C56-4361-9025-55A894005EB5}"
EndProject
Project("{FAE04EC0-301F-11D3-BF4B-00C04F79EFBC}") = "LNSF.Application", "src\LNSF.Application\LNSF.Application.csproj", "{9D3CD821-F1DB-4E98-B615-C4B313A51ED0}"
EndProject
Project("{FAE04EC0-301F-11D3-BF4B-00C04F79EFBC}") = "LNSF.UI", "src\LNSF.UI\LNSF.UI.csproj", "{57969665-6345-4E90-BE8D-6B9DBC65383E}"
EndProject
Project("{FAE04EC0-301F-11D3-BF4B-00C04F79EFBC}") = "LNSF.Test", "src\LNSF.Test\LNSF.Test.csproj", "{D318B0CB-F4CC-494E-A8AB-9DA1502CF00D}"
EndProject
Global
	GlobalSection(SolutionConfigurationPlatforms) = preSolution
		Debug|Any CPU = Debug|Any CPU
		Release|Any CPU = Release|Any CPU
	EndGlobalSection
	GlobalSection(ProjectConfigurationPlatforms) = postSolution
		{F4D6AD60-FF6F-44B7-BDDA-FE5D7DF7C727}.Debug|Any CPU.ActiveCfg = Debug|Any CPU
		{F4D6AD60-FF6F-44B7-BDDA-FE5D7DF7C727}.Debug|Any CPU.Build.0 = Debug|Any CPU
		{F4D6AD60-FF6F-44B7-BDDA-FE5D7DF7C727}.Release|Any CPU.ActiveCfg = Release|Any CPU
		{F4D6AD60-FF6F-44B7-BDDA-FE5D7DF7C727}.Release|Any CPU.Build.0 = Release|Any CPU
		{25223DA5-550D-4AE9-8596-28CDE5998257}.Debug|Any CPU.ActiveCfg = Debug|Any CPU
		{25223DA5-550D-4AE9-8596-28CDE5998257}.Debug|Any CPU.Build.0 = Debug|Any CPU
		{25223DA5-550D-4AE9-8596-28CDE5998257}.Release|Any CPU.ActiveCfg = Release|Any CPU
		{25223DA5-550D-4AE9-8596-28CDE5998257}.Release|Any CPU.Build.0 = Release|Any CPU
		{7A4505C5-9C56-4361-9025-55A894005EB5}.Debug|Any CPU.ActiveCfg = Debug|Any CPU
		{7A4505C5-9C56-4361-9025-55A894005EB5}.Debug|Any CPU.Build.0 = Debug|Any CPU
		{7A4505C5-9C56-4361-9025-55A894005EB5}.Release|Any CPU.ActiveCfg = Release|Any CPU
		{7A4505C5-9C56-4361-9025-55A894005EB5}.Release|Any CPU.Build.0 = Release|Any CPU
		{9D3CD821-F1DB-4E98-B615-C4B313A51ED0}.Debug|Any CPU.ActiveCfg = Debug|Any CPU
		{9D3CD821-F1DB-4E98-B615-C4B313A51ED0}.Debug|Any CPU.Build.0 = Debug|Any CPU
		{9D3CD821-F1DB-4E98-B615-C4B313A51ED0}.Release|Any CPU.ActiveCfg = Release|Any CPU
		{9D3CD821-F1DB-4E98-B615-C4B313A51ED0}.Release|Any CPU.Build.0 = Release|Any CPU
		{57969665-6345-4E90-BE8D-6B9DBC65383E}.Debug|Any CPU.ActiveCfg = Debug|Any CPU
		{57969665-6345-4E90-BE8D-6B9DBC65383E}.Debug|Any CPU.Build.0 = Debug|Any CPU
		{57969665-6345-4E90-BE8D-6B9DBC65383E}.Release|Any CPU.ActiveCfg = Release|Any CPU
		{57969665-6345-4E90-BE8D-6B9DBC65383E}.Release|Any CPU.Build.0 = Release|Any CPU
		{D318B0CB-F4CC-494E-A8AB-9DA1502CF00D}.Debug|Any CPU.ActiveCfg = Debug|Any CPU
		{D318B0CB-F4CC-494E-A8AB-9DA1502CF00D}.Debug|Any CPU.Build.0 = Debug|Any CPU
		{D318B0CB-F4CC-494E-A8AB-9DA1502CF00D}.Release|Any CPU.ActiveCfg = Release|Any CPU
		{D318B0CB-F4CC-494E-A8AB-9DA1502CF00D}.Release|Any CPU.Build.0 = Release|Any CPU
	EndGlobalSection
	GlobalSection(SolutionProperties) = preSolution
		HideSolutionNode = FALSE
	EndGlobalSection
	GlobalSection(NestedProjects) = preSolution
		{25223DA5-550D-4AE9-8596-28CDE5998257} = {704DBA82-32AF-476E-94FC-8A7A43923CE6}
		{7A4505C5-9C56-4361-9025-55A894005EB5} = {704DBA82-32AF-476E-94FC-8A7A43923CE6}
		{9D3CD821-F1DB-4E98-B615-C4B313A51ED0} = {704DBA82-32AF-476E-94FC-8A7A43923CE6}
		{57969665-6345-4E90-BE8D-6B9DBC65383E} = {704DBA82-32AF-476E-94FC-8A7A43923CE6}
		{D318B0CB-F4CC-494E-A8AB-9DA1502CF00D} = {704DBA82-32AF-476E-94FC-8A7A43923CE6}
	EndGlobalSection
	GlobalSection(ExtensibilityGlobals) = postSolution
		SolutionGuid = {D192B36E-841B-44C5-8956-080A054A6F7E}
	EndGlobalSection
EndGlobal
