
Microsoft Visual Studio Solution File, Format Version 12.00
# Visual Studio Version 17
VisualStudioVersion = 17.5.002.0
MinimumVisualStudioVersion = 10.0.40219.1
Project("{9A19103F-16F7-4668-BE54-9A1E7A4F7556}") = "LNSF.Test", "LNSF.Test.csproj", "{571715E6-4EE8-4D32-B031-4E07C236B1BD}"
EndProject
Global
	GlobalSection(SolutionConfigurationPlatforms) = preSolution
		Debug|Any CPU = Debug|Any CPU
		Release|Any CPU = Release|Any CPU
	EndGlobalSection
	GlobalSection(ProjectConfigurationPlatforms) = postSolution
		{571715E6-4EE8-4D32-B031-4E07C236B1BD}.Debug|Any CPU.ActiveCfg = Debug|Any CPU
		{571715E6-4EE8-4D32-B031-4E07C236B1BD}.Debug|Any CPU.Build.0 = Debug|Any CPU
		{571715E6-4EE8-4D32-B031-4E07C236B1BD}.Release|Any CPU.ActiveCfg = Release|Any CPU
		{571715E6-4EE8-4D32-B031-4E07C236B1BD}.Release|Any CPU.Build.0 = Release|Any CPU
	EndGlobalSection
	GlobalSection(SolutionProperties) = preSolution
		HideSolutionNode = FALSE
	EndGlobalSection
	GlobalSection(ExtensibilityGlobals) = postSolution
		SolutionGuid = {FE489A5C-60D9-4DAF-98FE-CFC43CCBA52F}
	EndGlobalSection
EndGlobal
